
Microsoft Visual Studio Solution File, Format Version 12.00
# Visual Studio 2012
Project("{FAE04EC0-301F-11D3-BF4B-00C04F79EFBC}") = "Piccolo", "Piccolo\Piccolo.csproj", "{E255BE35-4591-4B0E-A3B8-B51D34F7CEFA}"
EndProject
Project("{FAE04EC0-301F-11D3-BF4B-00C04F79EFBC}") = "Piccolo.UnitTests", "Piccolo.UnitTests\Piccolo.UnitTests.csproj", "{2D1D5C98-F62F-4626-B67D-515335FFF6AD}"
EndProject
Project("{2150E333-8FDC-42A3-9474-1A3956D46DE8}") = "Samples", "Samples", "{CB6B68A8-DEE1-4D3F-B697-4D6AEE9CBEAF}"
EndProject
Project("{FAE04EC0-301F-11D3-BF4B-00C04F79EFBC}") = "Piccolo.Tasks", "Piccolo.Tasks\Piccolo.Tasks.csproj", "{A17AE55B-3660-43CC-9432-97ECE3C974CC}"
EndProject
Project("{FAE04EC0-301F-11D3-BF4B-00C04F79EFBC}") = "Piccolo.Tasks.Site", "Piccolo.Tasks.Site\Piccolo.Tasks.Site.csproj", "{13F6D88F-EBC7-4FA1-B6E0-D90FDEA23E94}"
EndProject
Project("{2150E333-8FDC-42A3-9474-1A3956D46DE8}") = ".nuget", ".nuget", "{23CC5020-401C-4F9C-B394-7413FD4BFC96}"
	ProjectSection(SolutionItems) = preProject
		.nuget\packages.config = .nuget\packages.config
	EndProjectSection
EndProject
Project("{FAE04EC0-301F-11D3-BF4B-00C04F79EFBC}") = "Piccolo.Tests", "Piccolo.Tests\Piccolo.Tests.csproj", "{BC8CB66B-DD36-4E38-BD6B-B4AD90431D45}"
EndProject
Global
	GlobalSection(SolutionConfigurationPlatforms) = preSolution
		Debug|Any CPU = Debug|Any CPU
		Release|Any CPU = Release|Any CPU
	EndGlobalSection
	GlobalSection(ProjectConfigurationPlatforms) = postSolution
		{E255BE35-4591-4B0E-A3B8-B51D34F7CEFA}.Debug|Any CPU.ActiveCfg = Debug|Any CPU
		{E255BE35-4591-4B0E-A3B8-B51D34F7CEFA}.Debug|Any CPU.Build.0 = Debug|Any CPU
		{E255BE35-4591-4B0E-A3B8-B51D34F7CEFA}.Release|Any CPU.ActiveCfg = Release|Any CPU
		{E255BE35-4591-4B0E-A3B8-B51D34F7CEFA}.Release|Any CPU.Build.0 = Release|Any CPU
		{2D1D5C98-F62F-4626-B67D-515335FFF6AD}.Debug|Any CPU.ActiveCfg = Debug|Any CPU
		{2D1D5C98-F62F-4626-B67D-515335FFF6AD}.Debug|Any CPU.Build.0 = Debug|Any CPU
		{2D1D5C98-F62F-4626-B67D-515335FFF6AD}.Release|Any CPU.ActiveCfg = Release|Any CPU
		{2D1D5C98-F62F-4626-B67D-515335FFF6AD}.Release|Any CPU.Build.0 = Release|Any CPU
		{A17AE55B-3660-43CC-9432-97ECE3C974CC}.Debug|Any CPU.ActiveCfg = Debug|Any CPU
		{A17AE55B-3660-43CC-9432-97ECE3C974CC}.Debug|Any CPU.Build.0 = Debug|Any CPU
		{A17AE55B-3660-43CC-9432-97ECE3C974CC}.Release|Any CPU.ActiveCfg = Release|Any CPU
		{A17AE55B-3660-43CC-9432-97ECE3C974CC}.Release|Any CPU.Build.0 = Release|Any CPU
		{13F6D88F-EBC7-4FA1-B6E0-D90FDEA23E94}.Debug|Any CPU.ActiveCfg = Debug|Any CPU
		{13F6D88F-EBC7-4FA1-B6E0-D90FDEA23E94}.Debug|Any CPU.Build.0 = Debug|Any CPU
		{13F6D88F-EBC7-4FA1-B6E0-D90FDEA23E94}.Release|Any CPU.ActiveCfg = Release|Any CPU
		{13F6D88F-EBC7-4FA1-B6E0-D90FDEA23E94}.Release|Any CPU.Build.0 = Release|Any CPU
		{BC8CB66B-DD36-4E38-BD6B-B4AD90431D45}.Debug|Any CPU.ActiveCfg = Debug|Any CPU
		{BC8CB66B-DD36-4E38-BD6B-B4AD90431D45}.Debug|Any CPU.Build.0 = Debug|Any CPU
		{BC8CB66B-DD36-4E38-BD6B-B4AD90431D45}.Release|Any CPU.ActiveCfg = Release|Any CPU
		{BC8CB66B-DD36-4E38-BD6B-B4AD90431D45}.Release|Any CPU.Build.0 = Release|Any CPU
	EndGlobalSection
	GlobalSection(SolutionProperties) = preSolution
		HideSolutionNode = FALSE
	EndGlobalSection
	GlobalSection(NestedProjects) = preSolution
		{A17AE55B-3660-43CC-9432-97ECE3C974CC} = {CB6B68A8-DEE1-4D3F-B697-4D6AEE9CBEAF}
		{13F6D88F-EBC7-4FA1-B6E0-D90FDEA23E94} = {CB6B68A8-DEE1-4D3F-B697-4D6AEE9CBEAF}
	EndGlobalSection
EndGlobal
